
Microsoft Visual Studio Solution File, Format Version 12.00
# Visual Studio Version 17
VisualStudioVersion = 17.2.32616.157
MinimumVisualStudioVersion = 10.0.40219.1
Project("{9A19103F-16F7-4668-BE54-9A1E7A4F7556}") = "ThrottlingTroll.AspNet", "ThrottlingTroll.AspNet\ThrottlingTroll.AspNet.csproj", "{A8A6E78C-C70E-44A1-A62E-B8E3964AF4ED}"
EndProject
Project("{9A19103F-16F7-4668-BE54-9A1E7A4F7556}") = "ThrottlingTroll.Core.Tests", "tests\ThrottlingTroll.Tests\ThrottlingTroll.Core.Tests.csproj", "{75EC843E-720C-46CE-B4FF-420236A26108}"
EndProject
Project("{9A19103F-16F7-4668-BE54-9A1E7A4F7556}") = "ThrottlingTroll.Core", "ThrottlingTroll.Core\ThrottlingTroll.Core.csproj", "{6402D884-031B-4636-A25F-F240BE91B02F}"
EndProject
Project("{9A19103F-16F7-4668-BE54-9A1E7A4F7556}") = "ThrottlingTroll.AzureFunctions", "ThrottlingTroll.AzureFunctions\ThrottlingTroll.AzureFunctions.csproj", "{D8F80B0C-0408-4FB4-9CDB-D186CB1F130B}"
EndProject
Project("{2150E333-8FDC-42A3-9474-1A3956D46DE8}") = "tests", "tests", "{EABC27FE-E387-47F1-9BF9-8B6181F98D9F}"
EndProject
Project("{9A19103F-16F7-4668-BE54-9A1E7A4F7556}") = "ThrottlingTroll.AspNet.Tests", "tests\ThrottlingTroll.AspNet.Tests\ThrottlingTroll.AspNet.Tests.csproj", "{F949EFCD-635F-4D5B-A417-45DA4E684950}"
EndProject
Project("{9A19103F-16F7-4668-BE54-9A1E7A4F7556}") = "ThrottlingTroll.AzureFunctions.Tests", "tests\ThrottlingTroll.AzureFunctions.Tests\ThrottlingTroll.AzureFunctions.Tests.csproj", "{1018E970-C585-45E9-B170-F670C40466CF}"
EndProject
Project("{9A19103F-16F7-4668-BE54-9A1E7A4F7556}") = "IntegrationTests", "tests\IntegrationTests\IntegrationTests.csproj", "{FCF14C9B-EB92-4255-9853-34B87C82F845}"
EndProject
Project("{9A19103F-16F7-4668-BE54-9A1E7A4F7556}") = "ThrottlingTroll.CounterStores.Redis", "ThrottlingTroll.CounterStores.Redis\ThrottlingTroll.CounterStores.Redis.csproj", "{792D52CE-FC03-41A5-8E58-289AB1464F8F}"
EndProject
Project("{9A19103F-16F7-4668-BE54-9A1E7A4F7556}") = "ThrottlingTroll.CounterStores.AzureTable", "ThrottlingTroll.CounterStores.AzureTable\ThrottlingTroll.CounterStores.AzureTable.csproj", "{AB365F13-C28B-48E2-9C9D-F32F46ECA993}"
EndProject
Project("{9A19103F-16F7-4668-BE54-9A1E7A4F7556}") = "ThrottlingTroll.CounterStores.DistributedCache", "ThrottlingTroll.CounterStores.DistributedCache\ThrottlingTroll.CounterStores.DistributedCache.csproj", "{1D2CC7BF-1624-4331-803A-CA339A4E27E0}"
EndProject
Project("{9A19103F-16F7-4668-BE54-9A1E7A4F7556}") = "ThrottlingTroll.AzureFunctionsAspNet", "ThrottlingTroll.AzureFunctionsAspNet\ThrottlingTroll.AzureFunctionsAspNet.csproj", "{3EFB2BA0-FE55-4E1A-BA0E-1234CC1C45FC}"
EndProject
Project("{9A19103F-16F7-4668-BE54-9A1E7A4F7556}") = "ThrottlingTroll.AzureFunctionsAspNet.Tests", "tests\ThrottlingTroll.AzureFunctionsAspNet.Tests\ThrottlingTroll.AzureFunctionsAspNet.Tests.csproj", "{48F1C023-FC4D-4E55-AFB3-88D2E2C85BC7}"
EndProject
Project("{9A19103F-16F7-4668-BE54-9A1E7A4F7556}") = "ThrottlingTroll.CounterStores.EfCore", "ThrottlingTroll.CounterStores.EfCore\ThrottlingTroll.CounterStores.EfCore.csproj", "{0F6F7AE0-053D-4CE4-A655-517D427E02F4}"
EndProject
Project("{2150E333-8FDC-42A3-9474-1A3956D46DE8}") = "samples", "samples", "{02EA681E-C7D8-13C7-8484-4AC65E1B71E8}"
EndProject
Project("{FAE04EC0-301F-11D3-BF4B-00C04F79EFBC}") = "ThrottlingTrollSampleAspNetFunction", "..\ThrottlingTroll-AzureFunctions-Samples\ThrottlingTrollSampleAspNetFunction\ThrottlingTrollSampleAspNetFunction.csproj", "{C0A109CC-BFBA-6E68-A1F3-26E06CA68899}"
EndProject
Project("{FAE04EC0-301F-11D3-BF4B-00C04F79EFBC}") = "ThrottlingTrollSampleFunction", "..\ThrottlingTroll-AzureFunctions-Samples\ThrottlingTrollSampleFunction\ThrottlingTrollSampleFunction.csproj", "{E8C3D373-59D2-6F55-115C-D8D1A523A75A}"
EndProject
Project("{FAE04EC0-301F-11D3-BF4B-00C04F79EFBC}") = "ThrottlingTrollSampleWeb", "..\ThrottlingTroll-AspDotNetCore-Samples\ThrottlingTrollSampleWeb\ThrottlingTrollSampleWeb.csproj", "{F4F516BD-3D68-F686-7CFA-66DA793406DD}"
EndProject
Global
	GlobalSection(SolutionConfigurationPlatforms) = preSolution
		Debug|Any CPU = Debug|Any CPU
		Release|Any CPU = Release|Any CPU
	EndGlobalSection
	GlobalSection(ProjectConfigurationPlatforms) = postSolution
		{A8A6E78C-C70E-44A1-A62E-B8E3964AF4ED}.Debug|Any CPU.ActiveCfg = Debug|Any CPU
		{A8A6E78C-C70E-44A1-A62E-B8E3964AF4ED}.Debug|Any CPU.Build.0 = Debug|Any CPU
		{A8A6E78C-C70E-44A1-A62E-B8E3964AF4ED}.Release|Any CPU.ActiveCfg = Release|Any CPU
		{A8A6E78C-C70E-44A1-A62E-B8E3964AF4ED}.Release|Any CPU.Build.0 = Release|Any CPU
		{75EC843E-720C-46CE-B4FF-420236A26108}.Debug|Any CPU.ActiveCfg = Debug|Any CPU
		{75EC843E-720C-46CE-B4FF-420236A26108}.Debug|Any CPU.Build.0 = Debug|Any CPU
		{75EC843E-720C-46CE-B4FF-420236A26108}.Release|Any CPU.ActiveCfg = Release|Any CPU
		{75EC843E-720C-46CE-B4FF-420236A26108}.Release|Any CPU.Build.0 = Release|Any CPU
		{6402D884-031B-4636-A25F-F240BE91B02F}.Debug|Any CPU.ActiveCfg = Debug|Any CPU
		{6402D884-031B-4636-A25F-F240BE91B02F}.Debug|Any CPU.Build.0 = Debug|Any CPU
		{6402D884-031B-4636-A25F-F240BE91B02F}.Release|Any CPU.ActiveCfg = Release|Any CPU
		{6402D884-031B-4636-A25F-F240BE91B02F}.Release|Any CPU.Build.0 = Release|Any CPU
		{D8F80B0C-0408-4FB4-9CDB-D186CB1F130B}.Debug|Any CPU.ActiveCfg = Debug|Any CPU
		{D8F80B0C-0408-4FB4-9CDB-D186CB1F130B}.Debug|Any CPU.Build.0 = Debug|Any CPU
		{D8F80B0C-0408-4FB4-9CDB-D186CB1F130B}.Release|Any CPU.ActiveCfg = Release|Any CPU
		{D8F80B0C-0408-4FB4-9CDB-D186CB1F130B}.Release|Any CPU.Build.0 = Release|Any CPU
		{F949EFCD-635F-4D5B-A417-45DA4E684950}.Debug|Any CPU.ActiveCfg = Debug|Any CPU
		{F949EFCD-635F-4D5B-A417-45DA4E684950}.Debug|Any CPU.Build.0 = Debug|Any CPU
		{F949EFCD-635F-4D5B-A417-45DA4E684950}.Release|Any CPU.ActiveCfg = Release|Any CPU
		{F949EFCD-635F-4D5B-A417-45DA4E684950}.Release|Any CPU.Build.0 = Release|Any CPU
		{1018E970-C585-45E9-B170-F670C40466CF}.Debug|Any CPU.ActiveCfg = Debug|Any CPU
		{1018E970-C585-45E9-B170-F670C40466CF}.Debug|Any CPU.Build.0 = Debug|Any CPU
		{1018E970-C585-45E9-B170-F670C40466CF}.Release|Any CPU.ActiveCfg = Release|Any CPU
		{1018E970-C585-45E9-B170-F670C40466CF}.Release|Any CPU.Build.0 = Release|Any CPU
		{FCF14C9B-EB92-4255-9853-34B87C82F845}.Debug|Any CPU.ActiveCfg = Debug|Any CPU
		{FCF14C9B-EB92-4255-9853-34B87C82F845}.Debug|Any CPU.Build.0 = Debug|Any CPU
		{FCF14C9B-EB92-4255-9853-34B87C82F845}.Release|Any CPU.ActiveCfg = Release|Any CPU
		{FCF14C9B-EB92-4255-9853-34B87C82F845}.Release|Any CPU.Build.0 = Release|Any CPU
		{792D52CE-FC03-41A5-8E58-289AB1464F8F}.Debug|Any CPU.ActiveCfg = Debug|Any CPU
		{792D52CE-FC03-41A5-8E58-289AB1464F8F}.Debug|Any CPU.Build.0 = Debug|Any CPU
		{792D52CE-FC03-41A5-8E58-289AB1464F8F}.Release|Any CPU.ActiveCfg = Release|Any CPU
		{792D52CE-FC03-41A5-8E58-289AB1464F8F}.Release|Any CPU.Build.0 = Release|Any CPU
		{AB365F13-C28B-48E2-9C9D-F32F46ECA993}.Debug|Any CPU.ActiveCfg = Debug|Any CPU
		{AB365F13-C28B-48E2-9C9D-F32F46ECA993}.Debug|Any CPU.Build.0 = Debug|Any CPU
		{AB365F13-C28B-48E2-9C9D-F32F46ECA993}.Release|Any CPU.ActiveCfg = Release|Any CPU
		{AB365F13-C28B-48E2-9C9D-F32F46ECA993}.Release|Any CPU.Build.0 = Release|Any CPU
		{1D2CC7BF-1624-4331-803A-CA339A4E27E0}.Debug|Any CPU.ActiveCfg = Debug|Any CPU
		{1D2CC7BF-1624-4331-803A-CA339A4E27E0}.Debug|Any CPU.Build.0 = Debug|Any CPU
		{1D2CC7BF-1624-4331-803A-CA339A4E27E0}.Release|Any CPU.ActiveCfg = Release|Any CPU
		{1D2CC7BF-1624-4331-803A-CA339A4E27E0}.Release|Any CPU.Build.0 = Release|Any CPU
		{3EFB2BA0-FE55-4E1A-BA0E-1234CC1C45FC}.Debug|Any CPU.ActiveCfg = Debug|Any CPU
		{3EFB2BA0-FE55-4E1A-BA0E-1234CC1C45FC}.Debug|Any CPU.Build.0 = Debug|Any CPU
		{3EFB2BA0-FE55-4E1A-BA0E-1234CC1C45FC}.Release|Any CPU.ActiveCfg = Release|Any CPU
		{3EFB2BA0-FE55-4E1A-BA0E-1234CC1C45FC}.Release|Any CPU.Build.0 = Release|Any CPU
		{48F1C023-FC4D-4E55-AFB3-88D2E2C85BC7}.Debug|Any CPU.ActiveCfg = Debug|Any CPU
		{48F1C023-FC4D-4E55-AFB3-88D2E2C85BC7}.Debug|Any CPU.Build.0 = Debug|Any CPU
		{48F1C023-FC4D-4E55-AFB3-88D2E2C85BC7}.Release|Any CPU.ActiveCfg = Release|Any CPU
		{48F1C023-FC4D-4E55-AFB3-88D2E2C85BC7}.Release|Any CPU.Build.0 = Release|Any CPU
		{0F6F7AE0-053D-4CE4-A655-517D427E02F4}.Debug|Any CPU.ActiveCfg = Debug|Any CPU
		{0F6F7AE0-053D-4CE4-A655-517D427E02F4}.Debug|Any CPU.Build.0 = Debug|Any CPU
		{0F6F7AE0-053D-4CE4-A655-517D427E02F4}.Release|Any CPU.ActiveCfg = Release|Any CPU
		{0F6F7AE0-053D-4CE4-A655-517D427E02F4}.Release|Any CPU.Build.0 = Release|Any CPU
		{C0A109CC-BFBA-6E68-A1F3-26E06CA68899}.Debug|Any CPU.ActiveCfg = Debug|Any CPU
		{C0A109CC-BFBA-6E68-A1F3-26E06CA68899}.Debug|Any CPU.Build.0 = Debug|Any CPU
		{C0A109CC-BFBA-6E68-A1F3-26E06CA68899}.Release|Any CPU.ActiveCfg = Release|Any CPU
		{C0A109CC-BFBA-6E68-A1F3-26E06CA68899}.Release|Any CPU.Build.0 = Release|Any CPU
		{E8C3D373-59D2-6F55-115C-D8D1A523A75A}.Debug|Any CPU.ActiveCfg = Debug|Any CPU
		{E8C3D373-59D2-6F55-115C-D8D1A523A75A}.Debug|Any CPU.Build.0 = Debug|Any CPU
		{E8C3D373-59D2-6F55-115C-D8D1A523A75A}.Release|Any CPU.ActiveCfg = Release|Any CPU
		{E8C3D373-59D2-6F55-115C-D8D1A523A75A}.Release|Any CPU.Build.0 = Release|Any CPU
		{F4F516BD-3D68-F686-7CFA-66DA793406DD}.Debug|Any CPU.ActiveCfg = Debug|Any CPU
		{F4F516BD-3D68-F686-7CFA-66DA793406DD}.Debug|Any CPU.Build.0 = Debug|Any CPU
		{F4F516BD-3D68-F686-7CFA-66DA793406DD}.Release|Any CPU.ActiveCfg = Release|Any CPU
		{F4F516BD-3D68-F686-7CFA-66DA793406DD}.Release|Any CPU.Build.0 = Release|Any CPU
	EndGlobalSection
	GlobalSection(SolutionProperties) = preSolution
		HideSolutionNode = FALSE
	EndGlobalSection
	GlobalSection(NestedProjects) = preSolution
		{75EC843E-720C-46CE-B4FF-420236A26108} = {EABC27FE-E387-47F1-9BF9-8B6181F98D9F}
		{F949EFCD-635F-4D5B-A417-45DA4E684950} = {EABC27FE-E387-47F1-9BF9-8B6181F98D9F}
		{1018E970-C585-45E9-B170-F670C40466CF} = {EABC27FE-E387-47F1-9BF9-8B6181F98D9F}
		{FCF14C9B-EB92-4255-9853-34B87C82F845} = {EABC27FE-E387-47F1-9BF9-8B6181F98D9F}
		{48F1C023-FC4D-4E55-AFB3-88D2E2C85BC7} = {EABC27FE-E387-47F1-9BF9-8B6181F98D9F}
		{C0A109CC-BFBA-6E68-A1F3-26E06CA68899} = {02EA681E-C7D8-13C7-8484-4AC65E1B71E8}
		{E8C3D373-59D2-6F55-115C-D8D1A523A75A} = {02EA681E-C7D8-13C7-8484-4AC65E1B71E8}
		{F4F516BD-3D68-F686-7CFA-66DA793406DD} = {02EA681E-C7D8-13C7-8484-4AC65E1B71E8}
	EndGlobalSection
	GlobalSection(ExtensibilityGlobals) = postSolution
		SolutionGuid = {F213F60D-DF07-4F11-9B94-4143A16E1EE6}
	EndGlobalSection
EndGlobal
